
Microsoft Visual Studio Solution File, Format Version 12.00
# Visual Studio 15
VisualStudioVersion = 15.0.27130.2036
MinimumVisualStudioVersion = 10.0.40219.1
Project("{9A19103F-16F7-4668-BE54-9A1E7A4F7556}") = "BookStore", "InheritanceDemo\BookStore.csproj", "{EFFF9DC0-F801-4750-BBA7-4E57F59F8F15}"
EndProject
Project("{9A19103F-16F7-4668-BE54-9A1E7A4F7556}") = "Mankind", "Mankind\Mankind.csproj", "{320FA02C-0209-401B-B159-BC3760FFF9E4}"
EndProject
Project("{FAE04EC0-301F-11D3-BF4B-00C04F79EFBC}") = "OnlineRadioDatabase", "OnlineRadioDatabase\OnlineRadioDatabase.csproj", "{5668A91B-CD73-4E68-9B62-56D88F8F9891}"
EndProject
Project("{FAE04EC0-301F-11D3-BF4B-00C04F79EFBC}") = "Animals", "Animals\Animals.csproj", "{9BF4A585-7F55-4F7C-AC3B-8C0E86425666}"
EndProject
Global
	GlobalSection(SolutionConfigurationPlatforms) = preSolution
		Debug|Any CPU = Debug|Any CPU
		Release|Any CPU = Release|Any CPU
	EndGlobalSection
	GlobalSection(ProjectConfigurationPlatforms) = postSolution
		{EFFF9DC0-F801-4750-BBA7-4E57F59F8F15}.Debug|Any CPU.ActiveCfg = Debug|Any CPU
		{EFFF9DC0-F801-4750-BBA7-4E57F59F8F15}.Debug|Any CPU.Build.0 = Debug|Any CPU
		{EFFF9DC0-F801-4750-BBA7-4E57F59F8F15}.Release|Any CPU.ActiveCfg = Release|Any CPU
		{EFFF9DC0-F801-4750-BBA7-4E57F59F8F15}.Release|Any CPU.Build.0 = Release|Any CPU
		{320FA02C-0209-401B-B159-BC3760FFF9E4}.Debug|Any CPU.ActiveCfg = Debug|Any CPU
		{320FA02C-0209-401B-B159-BC3760FFF9E4}.Debug|Any CPU.Build.0 = Debug|Any CPU
		{320FA02C-0209-401B-B159-BC3760FFF9E4}.Release|Any CPU.ActiveCfg = Release|Any CPU
		{320FA02C-0209-401B-B159-BC3760FFF9E4}.Release|Any CPU.Build.0 = Release|Any CPU
		{5668A91B-CD73-4E68-9B62-56D88F8F9891}.Debug|Any CPU.ActiveCfg = Debug|Any CPU
		{5668A91B-CD73-4E68-9B62-56D88F8F9891}.Debug|Any CPU.Build.0 = Debug|Any CPU
		{5668A91B-CD73-4E68-9B62-56D88F8F9891}.Release|Any CPU.ActiveCfg = Release|Any CPU
		{5668A91B-CD73-4E68-9B62-56D88F8F9891}.Release|Any CPU.Build.0 = Release|Any CPU
		{9BF4A585-7F55-4F7C-AC3B-8C0E86425666}.Debug|Any CPU.ActiveCfg = Debug|Any CPU
		{9BF4A585-7F55-4F7C-AC3B-8C0E86425666}.Debug|Any CPU.Build.0 = Debug|Any CPU
		{9BF4A585-7F55-4F7C-AC3B-8C0E86425666}.Release|Any CPU.ActiveCfg = Release|Any CPU
		{9BF4A585-7F55-4F7C-AC3B-8C0E86425666}.Release|Any CPU.Build.0 = Release|Any CPU
	EndGlobalSection
	GlobalSection(SolutionProperties) = preSolution
		HideSolutionNode = FALSE
	EndGlobalSection
	GlobalSection(ExtensibilityGlobals) = postSolution
		SolutionGuid = {07834701-A927-45D6-91B7-BF1B2A78855A}
	EndGlobalSection
EndGlobal
